
Microsoft Visual Studio Solution File, Format Version 12.00
# Visual Studio Version 17
VisualStudioVersion = 17.7.34031.279
MinimumVisualStudioVersion = 10.0.40219.1
Project("{FAE04EC0-301F-11D3-BF4B-00C04F79EFBC}") = "ProgramacionIV", "ProgramacionIV.csproj", "{22802672-F8F1-443C-AFB4-50174D69797C}"
EndProject
Global
	GlobalSection(SolutionConfigurationPlatforms) = preSolution
		Debug|Any CPU = Debug|Any CPU
		Release|Any CPU = Release|Any CPU
	EndGlobalSection
	GlobalSection(ProjectConfigurationPlatforms) = postSolution
		{22802672-F8F1-443C-AFB4-50174D69797C}.Debug|Any CPU.ActiveCfg = Debug|Any CPU
		{22802672-F8F1-443C-AFB4-50174D69797C}.Debug|Any CPU.Build.0 = Debug|Any CPU
		{22802672-F8F1-443C-AFB4-50174D69797C}.Release|Any CPU.ActiveCfg = Release|Any CPU
		{22802672-F8F1-443C-AFB4-50174D69797C}.Release|Any CPU.Build.0 = Release|Any CPU
	EndGlobalSection
	GlobalSection(SolutionProperties) = preSolution
		HideSolutionNode = FALSE
	EndGlobalSection
	GlobalSection(ExtensibilityGlobals) = postSolution
		SolutionGuid = {86D2BF22-5EA2-48F5-8236-446C2C9E921D}
	EndGlobalSection
EndGlobal
